# THIS IS AN AUTOGENERATED FILE. DO NOT EDIT THIS FILE DIRECTLY.
# yarn lockfile v1


"@babel/runtime@^7.9.6":
  version "7.9.6"
  resolved "https://registry.yarnpkg.com/@babel/runtime/-/runtime-7.9.6.tgz#a9102eb5cadedf3f31d08a9ecf294af7827ea29f"
  integrity sha512-64AF1xY3OAkFHqOb9s4jpgk1Mm5vDZ4L3acHvAml+53nO1XbXLuDodsVpO4OIUsmemlUHMxNdYMNJmsvOwLrvQ==
  dependencies:
    regenerator-runtime "^0.13.4"

"@types/yup@^0.28.1":
  version "0.28.1"
  resolved "https://registry.yarnpkg.com/@types/yup/-/yup-0.28.1.tgz#4ab216567c480dbad1e20084988fa2b682002847"
  integrity sha512-5Xqhu/yZWqtO5ZI83SELkq4vA4LnQzzBPlx0zBH9JgMPTuQk3RoTEotKe8is7ZG2Pk+2DmMhid+2Mn87PgpJgw==

fn-name@~3.0.0:
  version "3.0.0"
  resolved "https://registry.yarnpkg.com/fn-name/-/fn-name-3.0.0.tgz#0596707f635929634d791f452309ab41558e3c5c"
  integrity sha512-eNMNr5exLoavuAMhIUVsOKF79SWd/zG104ef6sxBTSw+cZc6BXdQXDvYcGvp0VbxVVSp1XDUNoz7mg1xMtSznA==

lodash-es@^4.17.11:
  version "4.17.15"
  resolved "https://registry.yarnpkg.com/lodash-es/-/lodash-es-4.17.15.tgz#21bd96839354412f23d7a10340e5eac6ee455d78"
  integrity sha512-rlrc3yU3+JNOpZ9zj5pQtxnx2THmvRykwL4Xlxoa8I9lHBlVbbyPhgyPMioxVZ4NqyxaVVtaJnzsyOidQIhyyQ==

lodash@^4.17.15:
  version "4.17.15"
  resolved "https://registry.yarnpkg.com/lodash/-/lodash-4.17.15.tgz#b447f6670a0455bbfeedd11392eff330ea097548"
  integrity sha512-8xOcRHvCjnocdS5cpwXQXVzmmh5e5+saE2QGoeQmbKmRS6J3VQppPOIt0MnmE+4xlZoumy0GPG0D0MVIQbNA1A==

property-expr@^2.0.2:
  version "2.0.2"
  resolved "https://registry.yarnpkg.com/property-expr/-/property-expr-2.0.2.tgz#fff2a43919135553a3bc2fdd94bdb841965b2330"
  integrity sha512-bc/5ggaYZxNkFKj374aLbEDqVADdYaLcFo8XBkishUWbaAdjlphaBFns9TvRA2pUseVL/wMFmui9X3IdNDU37g==

regenerator-runtime@^0.13.4:
  version "0.13.5"
  resolved "https://registry.yarnpkg.com/regenerator-runtime/-/regenerator-runtime-0.13.5.tgz#d878a1d094b4306d10b9096484b33ebd55e26697"
  integrity sha512-ZS5w8CpKFinUzOwW3c83oPeVXoNsrLsaCoLtJvAClH135j/R77RuymhiSErhm2lKcwSCIpmvIWSbDkIfAqKQlA==

synchronous-promise@^2.0.10:
  version "2.0.11"
  resolved "https://registry.yarnpkg.com/synchronous-promise/-/synchronous-promise-2.0.11.tgz#e92022b0754e916f556d3ace1626d24a24214b7e"
  integrity sha512-8/L5FOCjnlK0FoAfj+NqdCaImMKvEyOEzGmdfcezKp5K9HIukm4akx72endvM87eS/gU8kOxiMQflpC/CdkQAg==

toposort@^2.0.2:
  version "2.0.2"
  resolved "https://registry.yarnpkg.com/toposort/-/toposort-2.0.2.tgz#ae21768175d1559d48bef35420b2f4962f09c330"
  integrity sha1-riF2gXXRVZ1IvvNUILL0li8JwzA=

yup@^0.28.5:
  version "0.28.5"
  resolved "https://registry.yarnpkg.com/yup/-/yup-0.28.5.tgz#85cabb4000d3623ef69be81551190692e631a8a5"
  integrity sha512-7JZcvpUGUxMKoaEtcoMEM8lCWRaueGNH/A3EhL/UWqfbFm3uloiI+x59Yq4nzhbbYWUTwAsCteaZOJ+VbqI1uw==
  dependencies:
    "@babel/runtime" "^7.9.6"
    fn-name "~3.0.0"
    lodash "^4.17.15"
    lodash-es "^4.17.11"
    property-expr "^2.0.2"
    synchronous-promise "^2.0.10"
    toposort "^2.0.2"
